
Microsoft Visual Studio Solution File, Format Version 12.00
# Visual Studio 15
VisualStudioVersion = 15.0.27703.2000
MinimumVisualStudioVersion = 10.0.40219.1
Project("{8BC9CEB8-8B4A-11D0-8D11-00A0C91BC942}") = "Stitching", "Stitching\Stitching.vcxproj", "{4A378F1A-CCA8-45C7-AC04-8C147F4B031E}"
EndProject
Project("{8BC9CEB8-8B4A-11D0-8D11-00A0C91BC942}") = "StitchingWrapper", "StitchingWrapper\StitchingWrapper.vcxproj", "{FE2A009D-A100-4E52-9BCC-56987DBC8CC1}"
EndProject
Project("{FAE04EC0-301F-11D3-BF4B-00C04F79EFBC}") = "Stitching_CSHARP", "Stitching_CSHARP\Stitching_CSHARP.csproj", "{51BDAC5B-4E84-47B0-92C8-248C3CE3131C}"
EndProject
Global
	GlobalSection(SolutionConfigurationPlatforms) = preSolution
		Debug|Any CPU = Debug|Any CPU
		Debug|x64 = Debug|x64
		Debug|x86 = Debug|x86
		Release|Any CPU = Release|Any CPU
		Release|x64 = Release|x64
		Release|x86 = Release|x86
	EndGlobalSection
	GlobalSection(ProjectConfigurationPlatforms) = postSolution
		{4A378F1A-CCA8-45C7-AC04-8C147F4B031E}.Debug|Any CPU.ActiveCfg = Debug|Win32
		{4A378F1A-CCA8-45C7-AC04-8C147F4B031E}.Debug|x64.ActiveCfg = Debug|x64
		{4A378F1A-CCA8-45C7-AC04-8C147F4B031E}.Debug|x64.Build.0 = Debug|x64
		{4A378F1A-CCA8-45C7-AC04-8C147F4B031E}.Debug|x86.ActiveCfg = Debug|Win32
		{4A378F1A-CCA8-45C7-AC04-8C147F4B031E}.Debug|x86.Build.0 = Debug|Win32
		{4A378F1A-CCA8-45C7-AC04-8C147F4B031E}.Release|Any CPU.ActiveCfg = Release|Win32
		{4A378F1A-CCA8-45C7-AC04-8C147F4B031E}.Release|x64.ActiveCfg = Release|x64
		{4A378F1A-CCA8-45C7-AC04-8C147F4B031E}.Release|x64.Build.0 = Release|x64
		{4A378F1A-CCA8-45C7-AC04-8C147F4B031E}.Release|x86.ActiveCfg = Release|Win32
		{4A378F1A-CCA8-45C7-AC04-8C147F4B031E}.Release|x86.Build.0 = Release|Win32
		{FE2A009D-A100-4E52-9BCC-56987DBC8CC1}.Debug|Any CPU.ActiveCfg = Debug|Win32
		{FE2A009D-A100-4E52-9BCC-56987DBC8CC1}.Debug|x64.ActiveCfg = Debug|x64
		{FE2A009D-A100-4E52-9BCC-56987DBC8CC1}.Debug|x64.Build.0 = Debug|x64
		{FE2A009D-A100-4E52-9BCC-56987DBC8CC1}.Debug|x86.ActiveCfg = Debug|Win32
		{FE2A009D-A100-4E52-9BCC-56987DBC8CC1}.Debug|x86.Build.0 = Debug|Win32
		{FE2A009D-A100-4E52-9BCC-56987DBC8CC1}.Release|Any CPU.ActiveCfg = Release|Win32
		{FE2A009D-A100-4E52-9BCC-56987DBC8CC1}.Release|x64.ActiveCfg = Release|x64
		{FE2A009D-A100-4E52-9BCC-56987DBC8CC1}.Release|x64.Build.0 = Release|x64
		{FE2A009D-A100-4E52-9BCC-56987DBC8CC1}.Release|x86.ActiveCfg = Release|Win32
		{FE2A009D-A100-4E52-9BCC-56987DBC8CC1}.Release|x86.Build.0 = Release|Win32
		{51BDAC5B-4E84-47B0-92C8-248C3CE3131C}.Debug|Any CPU.ActiveCfg = Debug|Any CPU
		{51BDAC5B-4E84-47B0-92C8-248C3CE3131C}.Debug|Any CPU.Build.0 = Debug|Any CPU
		{51BDAC5B-4E84-47B0-92C8-248C3CE3131C}.Debug|x64.ActiveCfg = Debug|Any CPU
		{51BDAC5B-4E84-47B0-92C8-248C3CE3131C}.Debug|x64.Build.0 = Debug|Any CPU
		{51BDAC5B-4E84-47B0-92C8-248C3CE3131C}.Debug|x86.ActiveCfg = Debug|Any CPU
		{51BDAC5B-4E84-47B0-92C8-248C3CE3131C}.Debug|x86.Build.0 = Debug|Any CPU
		{51BDAC5B-4E84-47B0-92C8-248C3CE3131C}.Release|Any CPU.ActiveCfg = Release|Any CPU
		{51BDAC5B-4E84-47B0-92C8-248C3CE3131C}.Release|Any CPU.Build.0 = Release|Any CPU
		{51BDAC5B-4E84-47B0-92C8-248C3CE3131C}.Release|x64.ActiveCfg = Release|Any CPU
		{51BDAC5B-4E84-47B0-92C8-248C3CE3131C}.Release|x64.Build.0 = Release|Any CPU
		{51BDAC5B-4E84-47B0-92C8-248C3CE3131C}.Release|x86.ActiveCfg = Release|Any CPU
		{51BDAC5B-4E84-47B0-92C8-248C3CE3131C}.Release|x86.Build.0 = Release|Any CPU
	EndGlobalSection
	GlobalSection(SolutionProperties) = preSolution
		HideSolutionNode = FALSE
	EndGlobalSection
	GlobalSection(ExtensibilityGlobals) = postSolution
		SolutionGuid = {741CE404-6A73-4334-9F7D-05ECB2C95857}
	EndGlobalSection
EndGlobal
